Microsoft Visual Studio Solution File, Format Version 12.00
# Visual Studio 15
VisualStudioVersion = 15.0.26124.0
MinimumVisualStudioVersion = 15.0.26124.0
Project("{9A19103F-16F7-4668-BE54-9A1E7A4F7556}") = "PlainNetClassLib", "PlainNetClassLib\PlainNetClassLib.csproj", "{CBE8E932-8FC5-4EEB-9285-C9EE981668CD}"
EndProject
Project("{9A19103F-16F7-4668-BE54-9A1E7A4F7556}") = "xUnitTests", "xUnitTests\xUnitTests.csproj", "{F6CFF900-5C89-4BDC-BE57-F447F270A8F2}"
EndProject
Global
	GlobalSection(SolutionConfigurationPlatforms) = preSolution
		Debug|Any CPU = Debug|Any CPU
		Debug|x64 = Debug|x64
		Debug|x86 = Debug|x86
		Release|Any CPU = Release|Any CPU
		Release|x64 = Release|x64
		Release|x86 = Release|x86
	EndGlobalSection
	GlobalSection(ProjectConfigurationPlatforms) = postSolution
		{CBE8E932-8FC5-4EEB-9285-C9EE981668CD}.Debug|Any CPU.ActiveCfg = Debug|Any CPU
		{CBE8E932-8FC5-4EEB-9285-C9EE981668CD}.Debug|Any CPU.Build.0 = Debug|Any CPU
		{CBE8E932-8FC5-4EEB-9285-C9EE981668CD}.Debug|x64.ActiveCfg = Debug|Any CPU
		{CBE8E932-8FC5-4EEB-9285-C9EE981668CD}.Debug|x64.Build.0 = Debug|Any CPU
		{CBE8E932-8FC5-4EEB-9285-C9EE981668CD}.Debug|x86.ActiveCfg = Debug|Any CPU
		{CBE8E932-8FC5-4EEB-9285-C9EE981668CD}.Debug|x86.Build.0 = Debug|Any CPU
		{CBE8E932-8FC5-4EEB-9285-C9EE981668CD}.Release|Any CPU.ActiveCfg = Release|Any CPU
		{CBE8E932-8FC5-4EEB-9285-C9EE981668CD}.Release|Any CPU.Build.0 = Release|Any CPU
		{CBE8E932-8FC5-4EEB-9285-C9EE981668CD}.Release|x64.ActiveCfg = Release|Any CPU
		{CBE8E932-8FC5-4EEB-9285-C9EE981668CD}.Release|x64.Build.0 = Release|Any CPU
		{CBE8E932-8FC5-4EEB-9285-C9EE981668CD}.Release|x86.ActiveCfg = Release|Any CPU
		{CBE8E932-8FC5-4EEB-9285-C9EE981668CD}.Release|x86.Build.0 = Release|Any CPU
		{F6CFF900-5C89-4BDC-BE57-F447F270A8F2}.Debug|Any CPU.ActiveCfg = Debug|Any CPU
		{F6CFF900-5C89-4BDC-BE57-F447F270A8F2}.Debug|Any CPU.Build.0 = Debug|Any CPU
		{F6CFF900-5C89-4BDC-BE57-F447F270A8F2}.Debug|x64.ActiveCfg = Debug|Any CPU
		{F6CFF900-5C89-4BDC-BE57-F447F270A8F2}.Debug|x64.Build.0 = Debug|Any CPU
		{F6CFF900-5C89-4BDC-BE57-F447F270A8F2}.Debug|x86.ActiveCfg = Debug|Any CPU
		{F6CFF900-5C89-4BDC-BE57-F447F270A8F2}.Debug|x86.Build.0 = Debug|Any CPU
		{F6CFF900-5C89-4BDC-BE57-F447F270A8F2}.Release|Any CPU.ActiveCfg = Release|Any CPU
		{F6CFF900-5C89-4BDC-BE57-F447F270A8F2}.Release|Any CPU.Build.0 = Release|Any CPU
		{F6CFF900-5C89-4BDC-BE57-F447F270A8F2}.Release|x64.ActiveCfg = Release|Any CPU
		{F6CFF900-5C89-4BDC-BE57-F447F270A8F2}.Release|x64.Build.0 = Release|Any CPU
		{F6CFF900-5C89-4BDC-BE57-F447F270A8F2}.Release|x86.ActiveCfg = Release|Any CPU
		{F6CFF900-5C89-4BDC-BE57-F447F270A8F2}.Release|x86.Build.0 = Release|Any CPU
	EndGlobalSection
EndGlobal
